// !$*UTF8*$!
{
	archiveVersion = 1;
	classes = {
	};
	objectVersion = 50;
	objects = {

/* Begin PBXBuildFile section */
		3E26224D21C076F600591838 /* AppDelegate.swift in Sources */ = {isa = PBXBuildFile; fileRef = 3E26224C21C076F600591838 /* AppDelegate.swift */; };
		3E26224F21C076F600591838 /* ViewController.swift in Sources */ = {isa = PBXBuildFile; fileRef = 3E26224E21C076F600591838 /* ViewController.swift */; };
		3E26225221C076F600591838 /* Main.storyboard in Resources */ = {isa = PBXBuildFile; fileRef = 3E26225021C076F600591838 /* Main.storyboard */; };
		3E26225421C076F800591838 /* Assets.xcassets in Resources */ = {isa = PBXBuildFile; fileRef = 3E26225321C076F800591838 /* Assets.xcassets */; };
		3E26225721C076F800591838 /* LaunchScreen.storyboard in Resources */ = {isa = PBXBuildFile; fileRef = 3E26225521C076F800591838 /* LaunchScreen.storyboard */; };
		3E26225F21C07A9400591838 /* ColorPickerVC.swift in Sources */ = {isa = PBXBuildFile; fileRef = 3E26225E21C07A9400591838 /* ColorPickerVC.swift */; };
		3E26226121C09BD100591838 /* ColorPickerDelegate.swift in Sources */ = {isa = PBXBuildFile; fileRef = 3E26226021C09BD100591838 /* ColorPickerDelegate.swift */; };
/* End PBXBuildFile section */

/* Begin PBXFileReference section */
		3E26224921C076F600591838 /* colormagic.app */ = {isa = PBXFileReference; explicitFileType = wrapper.application; includeInIndex = 0; path = colormagic.app; sourceTree = BUILT_PRODUCTS_DIR; };
		3E26224C21C076F600591838 /* AppDelegate.swift */ = {isa = PBXFileReference; lastKnownFileType = sourcecode.swift; path = AppDelegate.swift; sourceTree = "<group>"; };
		3E26224E21C076F600591838 /* ViewController.swift */ = {isa = PBXFileReference; lastKnownFileType = sourcecode.swift; path = ViewController.swift; sourceTree = "<group>"; };
		3E26225121C076F600591838 /* Base */ = {isa = PBXFileReference; lastKnownFileType = file.storyboard; name = Base; path = Base.lproj/Main.storyboard; sourceTree = "<group>"; };
		3E26225321C076F800591838 /* Assets.xcassets */ = {isa = PBXFileReference; lastKnownFileType = folder.assetcatalog; path = Assets.xcassets; sourceTree = "<group>"; };
		3E26225621C076F800591838 /* Base */ = {isa = PBXFileReference; lastKnownFileType = file.storyboard; name = Base; path = Base.lproj/LaunchScreen.storyboard; sourceTree = "<group>"; };
		3E26225821C076F800591838 /* Info.plist */ = {isa = PBXFileReference; lastKnownFileType = text.plist.xml; path = Info.plist; sourceTree = "<group>"; };
		3E26225E21C07A9400591838 /* ColorPickerVC.swift */ = {isa = PBXFileReference; lastKnownFileType = sourcecode.swift; path = ColorPickerVC.swift; sourceTree = "<group>"; };
		3E26226021C09BD100591838 /* ColorPickerDelegate.swift */ = {isa = PBXFileReference; lastKnownFileType = sourcecode.swift; path = ColorPickerDelegate.swift; sourceTree = "<group>"; };
/* End PBXFileReference section */

/* Begin PBXFrameworksBuildPhase section */
		3E26224621C076F600591838 /* Frameworks */ = {
			isa = PBXFrameworksBuildPhase;
			buildActionMask = 2147483647;
			files = (
			);
			runOnlyForDeploymentPostprocessing = 0;
		};
/* End PBXFrameworksBuildPhase section */

/* Begin PBXGroup section */
		3E26224021C076F600591838 = {
			isa = PBXGroup;
			children = (
				3E26224B21C076F600591838 /* colormagic */,
				3E26224A21C076F600591838 /* Products */,
			);
			sourceTree = "<group>";
		};
		3E26224A21C076F600591838 /* Products */ = {
			isa = PBXGroup;
			children = (
				3E26224921C076F600591838 /* colormagic.app */,
			);
			name = Products;
			sourceTree = "<group>";
		};
		3E26224B21C076F600591838 /* colormagic */ = {
			isa = PBXGroup;
			children = (
				3E26226221C09C4800591838 /* Protocols */,
				3E26226321C09C5400591838 /* Resources */,
				3E26226421C09C5F00591838 /* View Controllers */,
				3E26226521C09C6F00591838 /* Storyboards */,
			);
			path = colormagic;
			sourceTree = "<group>";
		};
		3E26226221C09C4800591838 /* Protocols */ = {
			isa = PBXGroup;
			children = (
				3E26226021C09BD100591838 /* ColorPickerDelegate.swift */,
			);
			path = Protocols;
			sourceTree = "<group>";
		};
		3E26226321C09C5400591838 /* Resources */ = {
			isa = PBXGroup;
			children = (
				3E26224C21C076F600591838 /* AppDelegate.swift */,
				3E26225321C076F800591838 /* Assets.xcassets */,
				3E26225821C076F800591838 /* Info.plist */,
			);
			path = Resources;
			sourceTree = "<group>";
		};
		3E26226421C09C5F00591838 /* View Controllers */ = {
			isa = PBXGroup;
			children = (
				3E26224E21C076F600591838 /* ViewController.swift */,
				3E26225E21C07A9400591838 /* ColorPickerVC.swift */,
			);
			path = "View Controllers";
			sourceTree = "<group>";
		};
		3E26226521C09C6F00591838 /* Storyboards */ = {
			isa = PBXGroup;
			children = (
				3E26225021C076F600591838 /* Main.storyboard */,
				3E26225521C076F800591838 /* LaunchScreen.storyboard */,
			);
			path = Storyboards;
			sourceTree = "<group>";
		};
/* End PBXGroup section */

/* Begin PBXNativeTarget section */
		3E26224821C076F600591838 /* colormagic */ = {
			isa = PBXNativeTarget;
			buildConfigurationList = 3E26225B21C076F800591838 /* Build configuration list for PBXNativeTarget "colormagic" */;
			buildPhases = (
				3E26224521C076F600591838 /* Sources */,
				3E26224621C076F600591838 /* Frameworks */,
				3E26224721C076F600591838 /* Resources */,
			);
			buildRules = (
			);
			dependencies = (
			);
			name = colormagic;
			productName = colormagic;
			productReference = 3E26224921C076F600591838 /* colormagic.app */;
			productType = "com.apple.product-type.application";
		};
/* End PBXNativeTarget section */

/* Begin PBXProject section */
		3E26224121C076F600591838 /* Project object */ = {
			isa = PBXProject;
			attributes = {
				LastSwiftUpdateCheck = 1010;
				LastUpgradeCheck = 1010;
				ORGANIZATIONNAME = "Owen Henley";
				TargetAttributes = {
					3E26224821C076F600591838 = {
						CreatedOnToolsVersion = 10.1;
					};
				};
			};
			buildConfigurationList = 3E26224421C076F600591838 /* Build configuration list for PBXProject "colormagic" */;
			compatibilityVersion = "Xcode 9.3";
			developmentRegion = en;
			hasScannedForEncodings = 0;
			knownRegions = (
				en,
				Base,
			);
			mainGroup = 3E26224021C076F600591838;
			productRefGroup = 3E26224A21C076F600591838 /* Products */;
			projectDirPath = "";
			projectRoot = "";
			targets = (
				3E26224821C076F600591838 /* colormagic */,
			);
		};
/* End PBXProject section */

/* Begin PBXResourcesBuildPhase section */
		3E26224721C076F600591838 /* Resources */ = {
			isa = PBXResourcesBuildPhase;
			buildActionMask = 2147483647;
			files = (
				3E26225721C076F800591838 /* LaunchScreen.storyboard in Resources */,
				3E26225421C076F800591838 /* Assets.xcassets in Resources */,
				3E26225221C076F600591838 /* Main.storyboard in Resources */,
			);
			runOnlyForDeploymentPostprocessing = 0;
		};
/* End PBXResourcesBuildPhase section */

/* Begin PBXSourcesBuildPhase section */
		3E26224521C076F600591838 /* Sources */ = {
			isa = PBXSourcesBuildPhase;
			buildActionMask = 2147483647;
			files = (
				3E26226121C09BD100591838 /* ColorPickerDelegate.swift in Sources */,
				3E26224F21C076F600591838 /* ViewController.swift in Sources */,
				3E26224D21C076F600591838 /* AppDelegate.swift in Sources */,
				3E26225F21C07A9400591838 /* ColorPickerVC.swift in Sources */,
			);
			runOnlyForDeploymentPostprocessing = 0;
		};
/* End PBXSourcesBuildPhase section */

/* Begin PBXVariantGroup section */
		3E26225021C076F600591838 /* Main.storyboard */ = {
			isa = PBXVariantGroup;
			children = (
				3E26225121C076F600591838 /* Base */,
			);
			name = Main.storyboard;
			sourceTree = "<group>";
		};
		3E26225521C076F800591838 /* LaunchScreen.storyboard */ = {
			isa = PBXVariantGroup;
			children = (
				3E26225621C076F800591838 /* Base */,
			);
			name = LaunchScreen.storyboard;
			sourceTree = "<group>";
		};
/* End PBXVariantGroup section */

/* Begin XCBuildConfiguration section */
		3E26225921C076F800591838 /* Debug */ = {
			isa = XCBuildConfiguration;
			buildSettings = {
				ALWAYS_SEARCH_USER_PATHS = NO;
				CLANG_ANALYZER_NONNULL = YES;
				CLANG_ANALYZER_NUMBER_OBJECT_CONVERSION = YES_AGGRESSIVE;
				CLANG_CXX_LANGUAGE_STANDARD = "gnu++14";
				CLANG_CXX_LIBRARY = "libc++";
				CLANG_ENABLE_MODULES = YES;
				CLANG_ENABLE_OBJC_ARC = YES;
				CLANG_ENABLE_OBJC_WEAK = YES;
				CLANG_WARN_BLOCK_CAPTURE_AUTORELEASING = YES;
				CLANG_WARN_BOOL_CONVERSION = YES;
				CLANG_WARN_COMMA = YES;
				CLANG_WARN_CONSTANT_CONVERSION = YES;
				CLANG_WARN_DEPRECATED_OBJC_IMPLEMENTATIONS = YES;
				CLANG_WARN_DIRECT_OBJC_ISA_USAGE = YES_ERROR;
				CLANG_WARN_DOCUMENTATION_COMMENTS = YES;
				CLANG_WARN_EMPTY_BODY = YES;
				CLANG_WARN_ENUM_CONVERSION = YES;
				CLANG_WARN_INFINITE_RECURSION = YES;
				CLANG_WARN_INT_CONVERSION = YES;
				CLANG_WARN_NON_LITERAL_NULL_CONVERSION = YES;
				CLANG_WARN_OBJC_IMPLICIT_RETAIN_SELF = YES;
				CLANG_WARN_OBJC_LITERAL_CONVERSION = YES;
				CLANG_WARN_OBJC_ROOT_CLASS = YES_ERROR;
				CLANG_WARN_RANGE_LOOP_ANALYSIS = YES;
				CLANG_WARN_STRICT_PROTOTYPES = YES;
				CLANG_WARN_SUSPICIOUS_MOVE = YES;
				CLANG_WARN_UNGUARDED_AVAILABILITY = YES_AGGRESSIVE;
				CLANG_WARN_UNREACHABLE_CODE = YES;
				CLANG_WARN__DUPLICATE_METHOD_MATCH = YES;
				CODE_SIGN_IDENTITY = "iPhone Developer";
				COPY_PHASE_STRIP = NO;
				DEBUG_INFORMATION_FORMAT = dwarf;
				ENABLE_STRICT_OBJC_MSGSEND = YES;
				ENABLE_TESTABILITY = YES;
				GCC_C_LANGUAGE_STANDARD = gnu11;
				GCC_DYNAMIC_NO_PIC = NO;
				GCC_NO_COMMON_BLOCKS = YES;
				GCC_OPTIMIZATION_LEVEL = 0;
				GCC_PREPROCESSOR_DEFINITIONS = (
					"DEBUG=1",
					"$(inherited)",
				);
				GCC_WARN_64_TO_32_BIT_CONVERSION = YES;
				GCC_WARN_ABOUT_RETURN_TYPE = YES_ERROR;
				GCC_WARN_UNDECLARED_SELECTOR = YES;
				GCC_WARN_UNINITIALIZED_AUTOS = YES_AGGRESSIVE;
				GCC_WARN_UNUSED_FUNCTION = YES;
				GCC_WARN_UNUSED_VARIABLE = YES;
				IPHONEOS_DEPLOYMENT_TARGET = 12.1;
				MTL_ENABLE_DEBUG_INFO = INCLUDE_SOURCE;
				MTL_FAST_MATH = YES;
				ONLY_ACTIVE_ARCH = YES;
				SDKROOT = iphoneos;
				SWIFT_ACTIVE_COMPILATION_CONDITIONS = DEBUG;
				SWIFT_OPTIMIZATION_LEVEL = "-Onone";
			};
			name = Debug;
		};
		3E26225A21C076F800591838 /* Release */ = {
			isa = XCBuildConfiguration;
			buildSettings = {
				ALWAYS_SEARCH_USER_PATHS = NO;
				CLANG_ANALYZER_NONNULL = YES;
				CLANG_ANALYZER_NUMBER_OBJECT_CONVERSION = YES_AGGRESSIVE;
				CLANG_CXX_LANGUAGE_STANDARD = "gnu++14";
				CLANG_CXX_LIBRARY = "libc++";
				CLANG_ENABLE_MODULES = YES;
				CLANG_ENABLE_OBJC_ARC = YES;
				CLANG_ENABLE_OBJC_WEAK = YES;
				CLANG_WARN_BLOCK_CAPTURE_AUTORELEASING = YES;
				CLANG_WARN_BOOL_CONVERSION = YES;
				CLANG_WARN_COMMA = YES;
				CLANG_WARN_CONSTANT_CONVERSION = YES;
				CLANG_WARN_DEPRECATED_OBJC_IMPLEMENTATIONS = YES;
				CLANG_WARN_DIRECT_OBJC_ISA_USAGE = YES_ERROR;
				CLANG_WARN_DOCUMENTATION_COMMENTS = YES;
				CLANG_WARN_EMPTY_BODY = YES;
				CLANG_WARN_ENUM_CONVERSION = YES;
				CLANG_WARN_INFINITE_RECURSION = YES;
				CLANG_WARN_INT_CONVERSION = YES;
				CLANG_WARN_NON_LITERAL_NULL_CONVERSION = YES;
				CLANG_WARN_OBJC_IMPLICIT_RETAIN_SELF = YES;
				CLANG_WARN_OBJC_LITERAL_CONVERSION = YES;
				CLANG_WARN_OBJC_ROOT_CLASS = YES_ERROR;
				CLANG_WARN_RANGE_LOOP_ANALYSIS = YES;
				CLANG_WARN_STRICT_PROTOTYPES = YES;
				CLANG_WARN_SUSPICIOUS_MOVE = YES;
				CLANG_WARN_UNGUARDED_AVAILABILITY = YES_AGGRESSIVE;
				CLANG_WARN_UNREACHABLE_CODE = YES;
				CLANG_WARN__DUPLICATE_METHOD_MATCH = YES;
				CODE_SIGN_IDENTITY = "iPhone Developer";
				COPY_PHASE_STRIP = NO;
				DEBUG_INFORMATION_FORMAT = "dwarf-with-dsym";
				ENABLE_NS_ASSERTIONS = NO;
				ENABLE_STRICT_OBJC_MSGSEND = YES;
				GCC_C_LANGUAGE_STANDARD = gnu11;
				GCC_NO_COMMON_BLOCKS = YES;
				GCC_WARN_64_TO_32_BIT_CONVERSION = YES;
				GCC_WARN_ABOUT_RETURN_TYPE = YES_ERROR;
				GCC_WARN_UNDECLARED_SELECTOR = YES;
				GCC_WARN_UNINITIALIZED_AUTOS = YES_AGGRESSIVE;
				GCC_WARN_UNUSED_FUNCTION = YES;
				GCC_WARN_UNUSED_VARIABLE = YES;
				IPHONEOS_DEPLOYMENT_TARGET = 12.1;
				MTL_ENABLE_DEBUG_INFO = NO;
				MTL_FAST_MATH = YES;
				SDKROOT = iphoneos;
				SWIFT_COMPILATION_MODE = wholemodule;
				SWIFT_OPTIMIZATION_LEVEL = "-O";
				VALIDATE_PRODUCT = YES;
			};
			name = Release;
		};
		3E26225C21C076F800591838 /* Debug */ = {
			isa = XCBuildConfiguration;
			buildSettings = {
				ASSETCATALOG_COMPILER_APPICON_NAME = AppIcon;
				CODE_SIGN_STYLE = Automatic;
				DEVELOPMENT_TEAM = CYZA2EE6W8;
				INFOPLIST_FILE = "$(SRCROOT)/colormagic/Resources/Info.plist";
				LD_RUNPATH_SEARCH_PATHS = (
					"$(inherited)",
					"@executable_path/Frameworks",
				);
				PRODUCT_BUNDLE_IDENTIFIER = io.owenhenley.colormagic;
				PRODUCT_NAME = "$(TARGET_NAME)";
				SWIFT_VERSION = 4.2;
				TARGETED_DEVICE_FAMILY = "1,2";
			};
			name = Debug;
		};
		3E26225D21C076F800591838 /* Release */ = {
			isa = XCBuildConfiguration;
			buildSettings = {
				ASSETCATALOG_COMPILER_APPICON_NAME = AppIcon;
				CODE_SIGN_STYLE = Automatic;
				DEVELOPMENT_TEAM = CYZA2EE6W8;
				INFOPLIST_FILE = "$(SRCROOT)/colormagic/Resources/Info.plist";
				LD_RUNPATH_SEARCH_PATHS = (
					"$(inherited)",
					"@executable_path/Frameworks",
				);
				PRODUCT_BUNDLE_IDENTIFIER = io.owenhenley.colormagic;
				PRODUCT_NAME = "$(TARGET_NAME)";
				SWIFT_VERSION = 4.2;
				TARGETED_DEVICE_FAMILY = "1,2";
			};
			name = Release;
		};
/* End XCBuildConfiguration section */

/* Begin XCConfigurationList section */
		3E26224421C076F600591838 /* Build configuration list for PBXProject "colormagic" */ = {
			isa = XCConfigurationList;
			buildConfigurations = (
				3E26225921C076F800591838 /* Debug */,
				3E26225A21C076F800591838 /* Release */,
			);
			defaultConfigurationIsVisible = 0;
			defaultConfigurationName = Release;
		};
		3E26225B21C076F800591838 /* Build configuration list for PBXNativeTarget "colormagic" */ = {
			isa = XCConfigurationList;
			buildConfigurations = (
				3E26225C21C076F800591838 /* Debug */,
				3E26225D21C076F800591838 /* Release */,
			);
			defaultConfigurationIsVisible = 0;
			defaultConfigurationName = Release;
		};
/* End XCConfigurationList section */
	};
	rootObject = 3E26224121C076F600591838 /* Project object */;
}
